
Microsoft Visual Studio Solution File, Format Version 12.00
# Visual Studio Version 17
VisualStudioVersion = 17.7.34018.315
MinimumVisualStudioVersion = 10.0.40219.1
Project("{9A19103F-16F7-4668-BE54-9A1E7A4F7556}") = "PetroGMTestTaskConsoleApp", "PetroGMTestTaskConsoleApp.csproj", "{14ABA1E0-2246-4A49-BB0E-890A96B565ED}"
EndProject
Project("{FAE04EC0-301F-11D3-BF4B-00C04F79EFBC}") = "ShapeClassLibrary", "..\ShapeClassLibrary\ShapeClassLibrary.csproj", "{E3294041-5F5C-4BCF-A3AC-3B7C6328C57E}"
EndProject
Global
	GlobalSection(SolutionConfigurationPlatforms) = preSolution
		Debug|Any CPU = Debug|Any CPU
		Release|Any CPU = Release|Any CPU
	EndGlobalSection
	GlobalSection(ProjectConfigurationPlatforms) = postSolution
		{14ABA1E0-2246-4A49-BB0E-890A96B565ED}.Debug|Any CPU.ActiveCfg = Debug|Any CPU
		{14ABA1E0-2246-4A49-BB0E-890A96B565ED}.Debug|Any CPU.Build.0 = Debug|Any CPU
		{14ABA1E0-2246-4A49-BB0E-890A96B565ED}.Release|Any CPU.ActiveCfg = Release|Any CPU
		{14ABA1E0-2246-4A49-BB0E-890A96B565ED}.Release|Any CPU.Build.0 = Release|Any CPU
		{E3294041-5F5C-4BCF-A3AC-3B7C6328C57E}.Debug|Any CPU.ActiveCfg = Debug|Any CPU
		{E3294041-5F5C-4BCF-A3AC-3B7C6328C57E}.Debug|Any CPU.Build.0 = Debug|Any CPU
		{E3294041-5F5C-4BCF-A3AC-3B7C6328C57E}.Release|Any CPU.ActiveCfg = Release|Any CPU
		{E3294041-5F5C-4BCF-A3AC-3B7C6328C57E}.Release|Any CPU.Build.0 = Release|Any CPU
	EndGlobalSection
	GlobalSection(SolutionProperties) = preSolution
		HideSolutionNode = FALSE
	EndGlobalSection
	GlobalSection(ExtensibilityGlobals) = postSolution
		SolutionGuid = {B2193232-9ABD-4A2F-9035-2E2E71AEF828}
	EndGlobalSection
EndGlobal
